
Microsoft Visual Studio Solution File, Format Version 12.00
# Visual Studio Version 16
VisualStudioVersion = 16.0.30804.86
MinimumVisualStudioVersion = 10.0.40219.1
Project("{FAE04EC0-301F-11D3-BF4B-00C04F79EFBC}") = "UD3_Aemet", "UD3_Aemet\UD3_Aemet.csproj", "{3A964160-BD9B-405C-A04B-F729C2457176}"
EndProject
Global
	GlobalSection(SolutionConfigurationPlatforms) = preSolution
		Debug|Any CPU = Debug|Any CPU
		Release|Any CPU = Release|Any CPU
	EndGlobalSection
	GlobalSection(ProjectConfigurationPlatforms) = postSolution
		{3A964160-BD9B-405C-A04B-F729C2457176}.Debug|Any CPU.ActiveCfg = Debug|Any CPU
		{3A964160-BD9B-405C-A04B-F729C2457176}.Debug|Any CPU.Build.0 = Debug|Any CPU
		{3A964160-BD9B-405C-A04B-F729C2457176}.Release|Any CPU.ActiveCfg = Release|Any CPU
		{3A964160-BD9B-405C-A04B-F729C2457176}.Release|Any CPU.Build.0 = Release|Any CPU
	EndGlobalSection
	GlobalSection(SolutionProperties) = preSolution
		HideSolutionNode = FALSE
	EndGlobalSection
	GlobalSection(ExtensibilityGlobals) = postSolution
		SolutionGuid = {42F6B1EF-0989-4AF6-AAFD-EAA90849EB0D}
	EndGlobalSection
EndGlobal
